
Microsoft Visual Studio Solution File, Format Version 11.00
# Visual Studio 2010
Project("{8BC9CEB8-8B4A-11D0-8D11-00A0C91BC942}") = "CatalanitzadorPerAWindows", "CatalanitzadorPerAWindows\CatalanitzadorPerAWindows.vcxproj", "{92531C32-0349-44DA-A029-5B7E429E8BBB}"
EndProject
Global
	GlobalSection(SolutionConfigurationPlatforms) = preSolution
		Debug|Win32 = Debug|Win32
		Release|Win32 = Release|Win32
	EndGlobalSection
	GlobalSection(ProjectConfigurationPlatforms) = postSolution
		{92531C32-0349-44DA-A029-5B7E429E8BBB}.Debug|Win32.ActiveCfg = Debug|Win32
		{92531C32-0349-44DA-A029-5B7E429E8BBB}.Debug|Win32.Build.0 = Debug|Win32
		{92531C32-0349-44DA-A029-5B7E429E8BBB}.Release|Win32.ActiveCfg = Release|Win32
		{92531C32-0349-44DA-A029-5B7E429E8BBB}.Release|Win32.Build.0 = Release|Win32
	EndGlobalSection
	GlobalSection(SolutionProperties) = preSolution
		HideSolutionNode = FALSE
	EndGlobalSection
EndGlobal
