
Microsoft Visual Studio Solution File, Format Version 10.00
# Visual C++ Express 2008
Project("{8BC9CEB8-8B4A-11D0-8D11-00A0C91BC942}") = "CatalanitzadorPerAWindows", "CatalanitzadorPerAWindows\CatalanitzadorPerAWindows.vcproj", "{A6EB9C02-ED55-4432-95A8-799C0E9BC143}"
	ProjectSection(ProjectDependencies) = postProject
		{20F814AC-9B22-4889-880F-8E4B32530BB7} = {20F814AC-9B22-4889-880F-8E4B32530BB7}
	EndProjectSection
EndProject
Project("{8BC9CEB8-8B4A-11D0-8D11-00A0C91BC942}") = "CatalanitzadorPerAWindows.UnitTests", "CatalanitzadorPerAWindows.UnitTests\CatalanitzadorPerAWindows.UnitTests.vcproj", "{6C32442F-7862-453E-A69A-DB37ECEC17AB}"
	ProjectSection(ProjectDependencies) = postProject
		{20F814AC-9B22-4889-880F-8E4B32530BB7} = {20F814AC-9B22-4889-880F-8E4B32530BB7}
	EndProjectSection
EndProject
Project("{8BC9CEB8-8B4A-11D0-8D11-00A0C91BC942}") = "DownloadFileChecker", "DownloadFileChecker\DownloadFileChecker.vcproj", "{83840EB6-6F95-4C90-AF74-3A975FAB448D}"
	ProjectSection(ProjectDependencies) = postProject
		{20F814AC-9B22-4889-880F-8E4B32530BB7} = {20F814AC-9B22-4889-880F-8E4B32530BB7}
	EndProjectSection
EndProject
Project("{8BC9CEB8-8B4A-11D0-8D11-00A0C91BC942}") = "CatalanitzadorPerAWindows.Library", "CatalanitzadorPerAWindows.Library\CatalanitzadorPerAWindows.Library.vcproj", "{20F814AC-9B22-4889-880F-8E4B32530BB7}"
EndProject
Project("{8BC9CEB8-8B4A-11D0-8D11-00A0C91BC942}") = "SystemLanguageSettings", "SystemLanguageSettings\SystemLanguageSettings.vcproj", "{8C410BB3-AA15-4CCC-A2D2-137932ED7F28}"
	ProjectSection(ProjectDependencies) = postProject
		{20F814AC-9B22-4889-880F-8E4B32530BB7} = {20F814AC-9B22-4889-880F-8E4B32530BB7}
	EndProjectSection
EndProject
Global
	GlobalSection(SolutionConfigurationPlatforms) = preSolution
		Debug|Win32 = Debug|Win32
		Release|Win32 = Release|Win32
	EndGlobalSection
	GlobalSection(ProjectConfigurationPlatforms) = postSolution
		{A6EB9C02-ED55-4432-95A8-799C0E9BC143}.Debug|Win32.ActiveCfg = Debug|Win32
		{A6EB9C02-ED55-4432-95A8-799C0E9BC143}.Debug|Win32.Build.0 = Debug|Win32
		{A6EB9C02-ED55-4432-95A8-799C0E9BC143}.Release|Win32.ActiveCfg = Release|Win32
		{A6EB9C02-ED55-4432-95A8-799C0E9BC143}.Release|Win32.Build.0 = Release|Win32
		{6C32442F-7862-453E-A69A-DB37ECEC17AB}.Debug|Win32.ActiveCfg = Debug|Win32
		{6C32442F-7862-453E-A69A-DB37ECEC17AB}.Debug|Win32.Build.0 = Debug|Win32
		{6C32442F-7862-453E-A69A-DB37ECEC17AB}.Release|Win32.ActiveCfg = Release|Win32
		{6C32442F-7862-453E-A69A-DB37ECEC17AB}.Release|Win32.Build.0 = Release|Win32
		{83840EB6-6F95-4C90-AF74-3A975FAB448D}.Debug|Win32.ActiveCfg = Debug|Win32
		{83840EB6-6F95-4C90-AF74-3A975FAB448D}.Debug|Win32.Build.0 = Debug|Win32
		{83840EB6-6F95-4C90-AF74-3A975FAB448D}.Release|Win32.ActiveCfg = Release|Win32
		{83840EB6-6F95-4C90-AF74-3A975FAB448D}.Release|Win32.Build.0 = Release|Win32
		{20F814AC-9B22-4889-880F-8E4B32530BB7}.Debug|Win32.ActiveCfg = Debug|Win32
		{20F814AC-9B22-4889-880F-8E4B32530BB7}.Debug|Win32.Build.0 = Debug|Win32
		{20F814AC-9B22-4889-880F-8E4B32530BB7}.Release|Win32.ActiveCfg = Release|Win32
		{20F814AC-9B22-4889-880F-8E4B32530BB7}.Release|Win32.Build.0 = Release|Win32
		{8C410BB3-AA15-4CCC-A2D2-137932ED7F28}.Debug|Win32.ActiveCfg = Debug|Win32
		{8C410BB3-AA15-4CCC-A2D2-137932ED7F28}.Debug|Win32.Build.0 = Debug|Win32
		{8C410BB3-AA15-4CCC-A2D2-137932ED7F28}.Release|Win32.ActiveCfg = Release|Win32
		{8C410BB3-AA15-4CCC-A2D2-137932ED7F28}.Release|Win32.Build.0 = Release|Win32
	EndGlobalSection
	GlobalSection(SolutionProperties) = preSolution
		HideSolutionNode = FALSE
	EndGlobalSection
EndGlobal
