// !$*UTF8*$!
{
	archiveVersion = 1;
	classes = {
	};
	objectVersion = 46;
	objects = {

/* Begin PBXBuildFile section */
		8D15274C16C169F7007786D9 /* app-icon.icns in Resources */ = {isa = PBXBuildFile; fileRef = 8D15274B16C169F7007786D9 /* app-icon.icns */; };
		8D50D35516BD23CB00653AE7 /* Cocoa.framework in Frameworks */ = {isa = PBXBuildFile; fileRef = 8D50D35416BD23CB00653AE7 /* Cocoa.framework */; };
		8D50D35F16BD23CB00653AE7 /* InfoPlist.strings in Resources */ = {isa = PBXBuildFile; fileRef = 8D50D35D16BD23CB00653AE7 /* InfoPlist.strings */; };
		8D50D36516BD23CB00653AE7 /* Credits.rtf in Resources */ = {isa = PBXBuildFile; fileRef = 8D50D36316BD23CB00653AE7 /* Credits.rtf */; };
		8D50D36B16BD23CB00653AE7 /* MainMenu.xib in Resources */ = {isa = PBXBuildFile; fileRef = 8D50D36916BD23CB00653AE7 /* MainMenu.xib */; };
		8DE32D9416C00FF700764125 /* main.mm in Sources */ = {isa = PBXBuildFile; fileRef = 8DE32D9316C00FF700764125 /* main.mm */; };
		8DE32D9716C0101500764125 /* AppDelegate.mm in Sources */ = {isa = PBXBuildFile; fileRef = 8DE32D9616C0101500764125 /* AppDelegate.mm */; };
		8DE32D9C16C01C4800764125 /* SystemLanguageAction.mm in Sources */ = {isa = PBXBuildFile; fileRef = 8DE32D9B16C01C4800764125 /* SystemLanguageAction.mm */; };
		8DE32DA316C02D6700764125 /* FirefoxAcceptLanguages.mm in Sources */ = {isa = PBXBuildFile; fileRef = 8DE32DA016C02D6700764125 /* FirefoxAcceptLanguages.mm */; };
		8DF8C74116C0F530001AE9DA /* FirefoxAction.mm in Sources */ = {isa = PBXBuildFile; fileRef = 8DF8C74016C0F530001AE9DA /* FirefoxAction.mm */; };
/* End PBXBuildFile section */

/* Begin PBXFileReference section */
		8D15274B16C169F7007786D9 /* app-icon.icns */ = {isa = PBXFileReference; lastKnownFileType = image.icns; path = "app-icon.icns"; sourceTree = "<group>"; };
		8D2FC78A16C262870065E2B1 /* ActionStatus.h */ = {isa = PBXFileReference; fileEncoding = 4; lastKnownFileType = sourcecode.c.h; path = ActionStatus.h; sourceTree = "<group>"; };
		8D50D35116BD23CB00653AE7 /* CatalanitzadorPerAlMac.app */ = {isa = PBXFileReference; explicitFileType = wrapper.application; includeInIndex = 0; path = CatalanitzadorPerAlMac.app; sourceTree = BUILT_PRODUCTS_DIR; };
		8D50D35416BD23CB00653AE7 /* Cocoa.framework */ = {isa = PBXFileReference; lastKnownFileType = wrapper.framework; name = Cocoa.framework; path = System/Library/Frameworks/Cocoa.framework; sourceTree = SDKROOT; };
		8D50D35716BD23CB00653AE7 /* AppKit.framework */ = {isa = PBXFileReference; lastKnownFileType = wrapper.framework; name = AppKit.framework; path = System/Library/Frameworks/AppKit.framework; sourceTree = SDKROOT; };
		8D50D35816BD23CB00653AE7 /* CoreData.framework */ = {isa = PBXFileReference; lastKnownFileType = wrapper.framework; name = CoreData.framework; path = System/Library/Frameworks/CoreData.framework; sourceTree = SDKROOT; };
		8D50D35916BD23CB00653AE7 /* Foundation.framework */ = {isa = PBXFileReference; lastKnownFileType = wrapper.framework; name = Foundation.framework; path = System/Library/Frameworks/Foundation.framework; sourceTree = SDKROOT; };
		8D50D35C16BD23CB00653AE7 /* CatalanitzadorPerAlMac-Info.plist */ = {isa = PBXFileReference; lastKnownFileType = text.plist.xml; path = "CatalanitzadorPerAlMac-Info.plist"; sourceTree = "<group>"; };
		8D50D35E16BD23CB00653AE7 /* en */ = {isa = PBXFileReference; lastKnownFileType = text.plist.strings; name = en; path = en.lproj/InfoPlist.strings; sourceTree = "<group>"; };
		8D50D36216BD23CB00653AE7 /* CatalanitzadorPerAlMac-Prefix.pch */ = {isa = PBXFileReference; lastKnownFileType = sourcecode.c.h; path = "CatalanitzadorPerAlMac-Prefix.pch"; sourceTree = "<group>"; };
		8D50D36416BD23CB00653AE7 /* en */ = {isa = PBXFileReference; lastKnownFileType = text.rtf; name = en; path = en.lproj/Credits.rtf; sourceTree = "<group>"; };
		8D50D36616BD23CB00653AE7 /* AppDelegate.h */ = {isa = PBXFileReference; lastKnownFileType = sourcecode.c.h; path = AppDelegate.h; sourceTree = "<group>"; };
		8D50D36A16BD23CB00653AE7 /* en */ = {isa = PBXFileReference; lastKnownFileType = file.xib; name = en; path = en.lproj/MainMenu.xib; sourceTree = "<group>"; };
		8D50D37216BD23CB00653AE7 /* SenTestingKit.framework */ = {isa = PBXFileReference; lastKnownFileType = wrapper.framework; name = SenTestingKit.framework; path = Library/Frameworks/SenTestingKit.framework; sourceTree = DEVELOPER_DIR; };
		8DE32D9316C00FF700764125 /* main.mm */ = {isa = PBXFileReference; fileEncoding = 4; lastKnownFileType = sourcecode.cpp.objcpp; path = main.mm; sourceTree = "<group>"; };
		8DE32D9616C0101500764125 /* AppDelegate.mm */ = {isa = PBXFileReference; fileEncoding = 4; lastKnownFileType = sourcecode.cpp.objcpp; path = AppDelegate.mm; sourceTree = "<group>"; };
		8DE32D9916C0109100764125 /* SystemLanguageAction.h */ = {isa = PBXFileReference; fileEncoding = 4; lastKnownFileType = sourcecode.c.h; path = SystemLanguageAction.h; sourceTree = "<group>"; };
		8DE32D9B16C01C4800764125 /* SystemLanguageAction.mm */ = {isa = PBXFileReference; fileEncoding = 4; lastKnownFileType = sourcecode.cpp.objcpp; path = SystemLanguageAction.mm; sourceTree = "<group>"; };
		8DE32D9E16C02D6700764125 /* Action.h */ = {isa = PBXFileReference; fileEncoding = 4; lastKnownFileType = sourcecode.c.h; path = Action.h; sourceTree = "<group>"; };
		8DE32D9F16C02D6700764125 /* FirefoxAcceptLanguages.h */ = {isa = PBXFileReference; fileEncoding = 4; lastKnownFileType = sourcecode.c.h; path = FirefoxAcceptLanguages.h; sourceTree = "<group>"; };
		8DE32DA016C02D6700764125 /* FirefoxAcceptLanguages.mm */ = {isa = PBXFileReference; fileEncoding = 4; lastKnownFileType = sourcecode.cpp.objcpp; path = FirefoxAcceptLanguages.mm; sourceTree = "<group>"; };
		8DE32DA516C02EAD00764125 /* libstdc++.dylib */ = {isa = PBXFileReference; lastKnownFileType = "compiled.mach-o.dylib"; name = "libstdc++.dylib"; path = "usr/lib/libstdc++.dylib"; sourceTree = SDKROOT; };
		8DF8C73E16C0F09B001AE9DA /* FirefoxAction.h */ = {isa = PBXFileReference; fileEncoding = 4; lastKnownFileType = sourcecode.c.h; path = FirefoxAction.h; sourceTree = "<group>"; };
		8DF8C74016C0F530001AE9DA /* FirefoxAction.mm */ = {isa = PBXFileReference; fileEncoding = 4; lastKnownFileType = sourcecode.cpp.objcpp; path = FirefoxAction.mm; sourceTree = "<group>"; };
/* End PBXFileReference section */

/* Begin PBXFrameworksBuildPhase section */
		8D50D34E16BD23CB00653AE7 /* Frameworks */ = {
			isa = PBXFrameworksBuildPhase;
			buildActionMask = 2147483647;
			files = (
				8D50D35516BD23CB00653AE7 /* Cocoa.framework in Frameworks */,
			);
			runOnlyForDeploymentPostprocessing = 0;
		};
/* End PBXFrameworksBuildPhase section */

/* Begin PBXGroup section */
		8D50D34816BD23CB00653AE7 = {
			isa = PBXGroup;
			children = (
				8D15274B16C169F7007786D9 /* app-icon.icns */,
				8D50D35A16BD23CB00653AE7 /* CatalanitzadorPerAlMac */,
				8D50D35316BD23CB00653AE7 /* Frameworks */,
				8D50D35216BD23CB00653AE7 /* Products */,
			);
			sourceTree = "<group>";
		};
		8D50D35216BD23CB00653AE7 /* Products */ = {
			isa = PBXGroup;
			children = (
				8D50D35116BD23CB00653AE7 /* CatalanitzadorPerAlMac.app */,
			);
			name = Products;
			sourceTree = "<group>";
		};
		8D50D35316BD23CB00653AE7 /* Frameworks */ = {
			isa = PBXGroup;
			children = (
				8DE32DA516C02EAD00764125 /* libstdc++.dylib */,
				8D50D35416BD23CB00653AE7 /* Cocoa.framework */,
				8D50D37216BD23CB00653AE7 /* SenTestingKit.framework */,
				8D50D35616BD23CB00653AE7 /* Other Frameworks */,
			);
			name = Frameworks;
			sourceTree = "<group>";
		};
		8D50D35616BD23CB00653AE7 /* Other Frameworks */ = {
			isa = PBXGroup;
			children = (
				8D50D35716BD23CB00653AE7 /* AppKit.framework */,
				8D50D35816BD23CB00653AE7 /* CoreData.framework */,
				8D50D35916BD23CB00653AE7 /* Foundation.framework */,
			);
			name = "Other Frameworks";
			sourceTree = "<group>";
		};
		8D50D35A16BD23CB00653AE7 /* CatalanitzadorPerAlMac */ = {
			isa = PBXGroup;
			children = (
				8DF8C74016C0F530001AE9DA /* FirefoxAction.mm */,
				8DE32D9D16C02D6700764125 /* common */,
				8DE32D9B16C01C4800764125 /* SystemLanguageAction.mm */,
				8DE32D9616C0101500764125 /* AppDelegate.mm */,
				8D50D36616BD23CB00653AE7 /* AppDelegate.h */,
				8D50D36916BD23CB00653AE7 /* MainMenu.xib */,
				8D50D35B16BD23CB00653AE7 /* Supporting Files */,
				8DE32D9916C0109100764125 /* SystemLanguageAction.h */,
				8DF8C73E16C0F09B001AE9DA /* FirefoxAction.h */,
			);
			path = CatalanitzadorPerAlMac;
			sourceTree = "<group>";
		};
		8D50D35B16BD23CB00653AE7 /* Supporting Files */ = {
			isa = PBXGroup;
			children = (
				8DE32D9316C00FF700764125 /* main.mm */,
				8D50D35C16BD23CB00653AE7 /* CatalanitzadorPerAlMac-Info.plist */,
				8D50D35D16BD23CB00653AE7 /* InfoPlist.strings */,
				8D50D36216BD23CB00653AE7 /* CatalanitzadorPerAlMac-Prefix.pch */,
				8D50D36316BD23CB00653AE7 /* Credits.rtf */,
			);
			name = "Supporting Files";
			sourceTree = "<group>";
		};
		8DE32D9D16C02D6700764125 /* common */ = {
			isa = PBXGroup;
			children = (
				8D2FC78A16C262870065E2B1 /* ActionStatus.h */,
				8DE32D9E16C02D6700764125 /* Action.h */,
				8DE32D9F16C02D6700764125 /* FirefoxAcceptLanguages.h */,
				8DE32DA016C02D6700764125 /* FirefoxAcceptLanguages.mm */,
			);
			path = common;
			sourceTree = "<group>";
		};
/* End PBXGroup section */

/* Begin PBXNativeTarget section */
		8D50D35016BD23CB00653AE7 /* CatalanitzadorPerAlMac */ = {
			isa = PBXNativeTarget;
			buildConfigurationList = 8D50D38216BD23CB00653AE7 /* Build configuration list for PBXNativeTarget "CatalanitzadorPerAlMac" */;
			buildPhases = (
				8D50D34D16BD23CB00653AE7 /* Sources */,
				8D50D34E16BD23CB00653AE7 /* Frameworks */,
				8D50D34F16BD23CB00653AE7 /* Resources */,
			);
			buildRules = (
			);
			dependencies = (
			);
			name = CatalanitzadorPerAlMac;
			productName = CatalanitzadorPerAlMac;
			productReference = 8D50D35116BD23CB00653AE7 /* CatalanitzadorPerAlMac.app */;
			productType = "com.apple.product-type.application";
		};
/* End PBXNativeTarget section */

/* Begin PBXProject section */
		8D50D34916BD23CB00653AE7 /* Project object */ = {
			isa = PBXProject;
			attributes = {
				LastUpgradeCheck = 0460;
				ORGANIZATIONNAME = "Softcatalà";
			};
			buildConfigurationList = 8D50D34C16BD23CB00653AE7 /* Build configuration list for PBXProject "CatalanitzadorPerAlMac" */;
			compatibilityVersion = "Xcode 3.2";
			developmentRegion = English;
			hasScannedForEncodings = 0;
			knownRegions = (
				en,
			);
			mainGroup = 8D50D34816BD23CB00653AE7;
			productRefGroup = 8D50D35216BD23CB00653AE7 /* Products */;
			projectDirPath = "";
			projectRoot = "";
			targets = (
				8D50D35016BD23CB00653AE7 /* CatalanitzadorPerAlMac */,
			);
		};
/* End PBXProject section */

/* Begin PBXResourcesBuildPhase section */
		8D50D34F16BD23CB00653AE7 /* Resources */ = {
			isa = PBXResourcesBuildPhase;
			buildActionMask = 2147483647;
			files = (
				8D50D35F16BD23CB00653AE7 /* InfoPlist.strings in Resources */,
				8D50D36516BD23CB00653AE7 /* Credits.rtf in Resources */,
				8D50D36B16BD23CB00653AE7 /* MainMenu.xib in Resources */,
				8D15274C16C169F7007786D9 /* app-icon.icns in Resources */,
			);
			runOnlyForDeploymentPostprocessing = 0;
		};
/* End PBXResourcesBuildPhase section */

/* Begin PBXSourcesBuildPhase section */
		8D50D34D16BD23CB00653AE7 /* Sources */ = {
			isa = PBXSourcesBuildPhase;
			buildActionMask = 2147483647;
			files = (
				8DE32D9416C00FF700764125 /* main.mm in Sources */,
				8DE32D9716C0101500764125 /* AppDelegate.mm in Sources */,
				8DE32D9C16C01C4800764125 /* SystemLanguageAction.mm in Sources */,
				8DE32DA316C02D6700764125 /* FirefoxAcceptLanguages.mm in Sources */,
				8DF8C74116C0F530001AE9DA /* FirefoxAction.mm in Sources */,
			);
			runOnlyForDeploymentPostprocessing = 0;
		};
/* End PBXSourcesBuildPhase section */

/* Begin PBXVariantGroup section */
		8D50D35D16BD23CB00653AE7 /* InfoPlist.strings */ = {
			isa = PBXVariantGroup;
			children = (
				8D50D35E16BD23CB00653AE7 /* en */,
			);
			name = InfoPlist.strings;
			sourceTree = "<group>";
		};
		8D50D36316BD23CB00653AE7 /* Credits.rtf */ = {
			isa = PBXVariantGroup;
			children = (
				8D50D36416BD23CB00653AE7 /* en */,
			);
			name = Credits.rtf;
			sourceTree = "<group>";
		};
		8D50D36916BD23CB00653AE7 /* MainMenu.xib */ = {
			isa = PBXVariantGroup;
			children = (
				8D50D36A16BD23CB00653AE7 /* en */,
			);
			name = MainMenu.xib;
			sourceTree = "<group>";
		};
/* End PBXVariantGroup section */

/* Begin XCBuildConfiguration section */
		8D50D38016BD23CB00653AE7 /* Debug */ = {
			isa = XCBuildConfiguration;
			buildSettings = {
				ALWAYS_SEARCH_USER_PATHS = NO;
				ARCHS = "$(ARCHS_STANDARD_64_BIT)";
				CLANG_CXX_LANGUAGE_STANDARD = "gnu++0x";
				CLANG_CXX_LIBRARY = "compiler-default";
				CLANG_ENABLE_OBJC_ARC = YES;
				CLANG_WARN_CONSTANT_CONVERSION = YES;
				CLANG_WARN_EMPTY_BODY = YES;
				CLANG_WARN_ENUM_CONVERSION = YES;
				CLANG_WARN_INT_CONVERSION = YES;
				CLANG_WARN__DUPLICATE_METHOD_MATCH = YES;
				COPY_PHASE_STRIP = NO;
				GCC_C_LANGUAGE_STANDARD = gnu99;
				GCC_DYNAMIC_NO_PIC = NO;
				GCC_ENABLE_OBJC_EXCEPTIONS = YES;
				GCC_OPTIMIZATION_LEVEL = 0;
				GCC_PREPROCESSOR_DEFINITIONS = (
					"DEBUG=1",
					"$(inherited)",
				);
				GCC_SYMBOLS_PRIVATE_EXTERN = NO;
				GCC_WARN_64_TO_32_BIT_CONVERSION = YES;
				GCC_WARN_ABOUT_RETURN_TYPE = YES;
				GCC_WARN_UNINITIALIZED_AUTOS = YES;
				GCC_WARN_UNUSED_VARIABLE = YES;
				MACOSX_DEPLOYMENT_TARGET = 10.4;
				ONLY_ACTIVE_ARCH = YES;
				SDKROOT = macosx;
			};
			name = Debug;
		};
		8D50D38116BD23CB00653AE7 /* Release */ = {
			isa = XCBuildConfiguration;
			buildSettings = {
				ALWAYS_SEARCH_USER_PATHS = NO;
				ARCHS = "$(ARCHS_STANDARD_64_BIT)";
				CLANG_CXX_LANGUAGE_STANDARD = "gnu++0x";
				CLANG_CXX_LIBRARY = "compiler-default";
				CLANG_ENABLE_OBJC_ARC = YES;
				CLANG_WARN_CONSTANT_CONVERSION = YES;
				CLANG_WARN_EMPTY_BODY = YES;
				CLANG_WARN_ENUM_CONVERSION = YES;
				CLANG_WARN_INT_CONVERSION = YES;
				CLANG_WARN__DUPLICATE_METHOD_MATCH = YES;
				COPY_PHASE_STRIP = YES;
				DEBUG_INFORMATION_FORMAT = "dwarf-with-dsym";
				GCC_C_LANGUAGE_STANDARD = gnu99;
				GCC_ENABLE_OBJC_EXCEPTIONS = YES;
				GCC_WARN_64_TO_32_BIT_CONVERSION = YES;
				GCC_WARN_ABOUT_RETURN_TYPE = YES;
				GCC_WARN_UNINITIALIZED_AUTOS = YES;
				GCC_WARN_UNUSED_VARIABLE = YES;
				MACOSX_DEPLOYMENT_TARGET = 10.4;
				SDKROOT = macosx;
			};
			name = Release;
		};
		8D50D38316BD23CB00653AE7 /* Debug */ = {
			isa = XCBuildConfiguration;
			buildSettings = {
				COMBINE_HIDPI_IMAGES = YES;
				GCC_PRECOMPILE_PREFIX_HEADER = YES;
				GCC_PREFIX_HEADER = "CatalanitzadorPerAlMac/CatalanitzadorPerAlMac-Prefix.pch";
				INFOPLIST_FILE = "CatalanitzadorPerAlMac/CatalanitzadorPerAlMac-Info.plist";
				MACOSX_DEPLOYMENT_TARGET = 10.6;
				PRODUCT_NAME = "$(TARGET_NAME)";
				WRAPPER_EXTENSION = app;
			};
			name = Debug;
		};
		8D50D38416BD23CB00653AE7 /* Release */ = {
			isa = XCBuildConfiguration;
			buildSettings = {
				COMBINE_HIDPI_IMAGES = YES;
				GCC_PRECOMPILE_PREFIX_HEADER = YES;
				GCC_PREFIX_HEADER = "CatalanitzadorPerAlMac/CatalanitzadorPerAlMac-Prefix.pch";
				INFOPLIST_FILE = "CatalanitzadorPerAlMac/CatalanitzadorPerAlMac-Info.plist";
				MACOSX_DEPLOYMENT_TARGET = 10.6;
				PRODUCT_NAME = "$(TARGET_NAME)";
				WRAPPER_EXTENSION = app;
			};
			name = Release;
		};
/* End XCBuildConfiguration section */

/* Begin XCConfigurationList section */
		8D50D34C16BD23CB00653AE7 /* Build configuration list for PBXProject "CatalanitzadorPerAlMac" */ = {
			isa = XCConfigurationList;
			buildConfigurations = (
				8D50D38016BD23CB00653AE7 /* Debug */,
				8D50D38116BD23CB00653AE7 /* Release */,
			);
			defaultConfigurationIsVisible = 0;
			defaultConfigurationName = Release;
		};
		8D50D38216BD23CB00653AE7 /* Build configuration list for PBXNativeTarget "CatalanitzadorPerAlMac" */ = {
			isa = XCConfigurationList;
			buildConfigurations = (
				8D50D38316BD23CB00653AE7 /* Debug */,
				8D50D38416BD23CB00653AE7 /* Release */,
			);
			defaultConfigurationIsVisible = 0;
			defaultConfigurationName = Release;
		};
/* End XCConfigurationList section */
	};
	rootObject = 8D50D34916BD23CB00653AE7 /* Project object */;
}
