<?xml version="1.0" encoding="utf-8"?>
<Project ToolsVersion="4.0" xmlns="http://schemas.microsoft.com/developer/msbuild/2003">
  <ItemGroup>
    <Filter Include="Resource Files">
      <UniqueIdentifier>{67DA6AB6-F800-4c08-8B7A-83BB121AAD01}</UniqueIdentifier>
      <Extensions>rc;ico;cur;bmp;dlg;rc2;rct;bin;rgs;gif;jpg;jpeg;jpe;resx;tiff;tif;png;wav;mfcribbon-ms</Extensions>
    </Filter>
    <Filter Include="User Interface">
      <UniqueIdentifier>{2c303e30-1f29-4834-a3ee-107793781acc}</UniqueIdentifier>
    </Filter>
    <Filter Include="Actions">
      <UniqueIdentifier>{9e70ac4c-da5e-47e7-a0c2-3ad76529295a}</UniqueIdentifier>
    </Filter>
    <Filter Include="Support Source Files">
      <UniqueIdentifier>{4FC737F1-C7A5-4376-A066-2A32D752A2FF}</UniqueIdentifier>
      <Extensions>cpp;c;cc;cxx;def;odl;idl;hpj;bat;asm;asmx</Extensions>
    </Filter>
    <Filter Include="Support Header Files">
      <UniqueIdentifier>{93995380-89BD-4b04-88EB-625FBE52EBFB}</UniqueIdentifier>
      <Extensions>h;hpp;hxx;hm;inl;inc;xsd</Extensions>
    </Filter>
    <Filter Include="Core">
      <UniqueIdentifier>{18df8de8-b0dc-47f6-b430-3961cbad6cbe}</UniqueIdentifier>
    </Filter>
  </ItemGroup>
  <ItemGroup>
    <None Include="CatalanitzadorPerAWindows.ico">
      <Filter>Resource Files</Filter>
    </None>
    <None Include="vertical-logo.bmp">
      <Filter>Resource Files</Filter>
    </None>
    <None Include="config_locale_winxp.bin">
      <Filter>Resource Files</Filter>
    </None>
    <None Include="config_locale_winvista.bin">
      <Filter>Resource Files</Filter>
    </None>
  </ItemGroup>
  <ItemGroup>
    <ClInclude Include="stdafx.h">
      <Filter>Support Header Files</Filter>
    </ClInclude>
    <ClInclude Include="targetver.h">
      <Filter>Support Header Files</Filter>
    </ClInclude>
    <ClInclude Include="Resource.h">
      <Filter>Support Header Files</Filter>
    </ClInclude>
    <ClInclude Include="WindowsLPIAction.h">
      <Filter>Actions</Filter>
    </ClInclude>
    <ClInclude Include="Actions.h">
      <Filter>Actions</Filter>
    </ClInclude>
    <ClInclude Include="IEAcceptLanguagesAction.h">
      <Filter>Actions</Filter>
    </ClInclude>
    <ClInclude Include="Action.h">
      <Filter>Actions</Filter>
    </ClInclude>
    <ClInclude Include="CatalanitzadorPerAWindows.h">
      <Filter>User Interface</Filter>
    </ClInclude>
    <ClInclude Include="PropertyPageUI.h">
      <Filter>User Interface</Filter>
    </ClInclude>
    <ClInclude Include="PropertySheetUI.h">
      <Filter>User Interface</Filter>
    </ClInclude>
    <ClInclude Include="ApplicationsPropertyPageUI.h">
      <Filter>User Interface</Filter>
    </ClInclude>
    <ClInclude Include="InternetAccess.h">
      <Filter>Core</Filter>
    </ClInclude>
    <ClInclude Include="OSVersion.h">
      <Filter>Core</Filter>
    </ClInclude>
    <ClInclude Include="Runner.h">
      <Filter>Core</Filter>
    </ClInclude>
    <ClInclude Include="InstallPropertyPageUI.h">
      <Filter>User Interface</Filter>
    </ClInclude>
    <ClInclude Include="FinishPropertyPageUI.h">
      <Filter>User Interface</Filter>
    </ClInclude>
    <ClInclude Include="Registry.h">
      <Filter>Core</Filter>
    </ClInclude>
    <ClInclude Include="Window.h">
      <Filter>Core</Filter>
    </ClInclude>
    <ClInclude Include="ProgressStatus.h">
      <Filter>Core</Filter>
    </ClInclude>
    <ClInclude Include="WelcomePropertyPageUI.h">
      <Filter>User Interface</Filter>
    </ClInclude>
    <ClInclude Include="LogFile.h">
      <Filter>Core</Filter>
    </ClInclude>
    <ClInclude Include="ConfigureLocaleAction.h">
      <Filter>Actions</Filter>
    </ClInclude>
    <ClInclude Include="MSOfficeAction.h">
      <Filter>Actions</Filter>
    </ClInclude>
    <ClInclude Include="Serializer.h">
      <Filter>Core</Filter>
    </ClInclude>
    <ClInclude Include="Serializable.h">
      <Filter>Core</Filter>
    </ClInclude>
    <ClInclude Include="ActionStatus.h">
      <Filter>Actions</Filter>
    </ClInclude>
    <ClInclude Include="ActionID.h">
      <Filter>Actions</Filter>
    </ClInclude>
    <ClInclude Include="Url.h">
      <Filter>Core</Filter>
    </ClInclude>
  </ItemGroup>
  <ItemGroup>
    <ClCompile Include="stdafx.cpp">
      <Filter>Support Source Files</Filter>
    </ClCompile>
    <ClCompile Include="Actions.cpp">
      <Filter>Actions</Filter>
    </ClCompile>
    <ClCompile Include="IEAcceptLanguagesAction.cpp">
      <Filter>Actions</Filter>
    </ClCompile>
    <ClCompile Include="CatalanitzadorPerAWindows.cpp">
      <Filter>User Interface</Filter>
    </ClCompile>
    <ClCompile Include="PropertySheetUI.cpp">
      <Filter>User Interface</Filter>
    </ClCompile>
    <ClCompile Include="PropertyPageUI.cpp">
      <Filter>User Interface</Filter>
    </ClCompile>
    <ClCompile Include="ApplicationsPropertyPageUI.cpp">
      <Filter>User Interface</Filter>
    </ClCompile>
    <ClCompile Include="Action.cpp">
      <Filter>Actions</Filter>
    </ClCompile>
    <ClCompile Include="WindowsLPIAction.cpp">
      <Filter>Actions</Filter>
    </ClCompile>
    <ClCompile Include="InternetAccess.cpp">
      <Filter>Core</Filter>
    </ClCompile>
    <ClCompile Include="OSVersion.cpp">
      <Filter>Core</Filter>
    </ClCompile>
    <ClCompile Include="Runner.cpp">
      <Filter>Core</Filter>
    </ClCompile>
    <ClCompile Include="InstallPropertyPageUI.cpp">
      <Filter>User Interface</Filter>
    </ClCompile>
    <ClCompile Include="FinishPropertyPageUI.cpp">
      <Filter>User Interface</Filter>
    </ClCompile>
    <ClCompile Include="Registry.cpp">
      <Filter>Core</Filter>
    </ClCompile>
    <ClCompile Include="Window.cpp">
      <Filter>Core</Filter>
    </ClCompile>
    <ClCompile Include="WelcomePropertyPageUI.cpp">
      <Filter>User Interface</Filter>
    </ClCompile>
    <ClCompile Include="LogFile.cpp">
      <Filter>Core</Filter>
    </ClCompile>
    <ClCompile Include="ConfigureLocaleAction.cpp">
      <Filter>Actions</Filter>
    </ClCompile>
    <ClCompile Include="MSOfficeAction.cpp">
      <Filter>Actions</Filter>
    </ClCompile>
    <ClCompile Include="Serializer.cpp">
      <Filter>Core</Filter>
    </ClCompile>
    <ClCompile Include="Url.cpp">
      <Filter>Core</Filter>
    </ClCompile>
  </ItemGroup>
  <ItemGroup>
    <ResourceCompile Include="CatalanitzadorPerAWindows.rc">
      <Filter>Resource Files</Filter>
    </ResourceCompile>
  </ItemGroup>
</Project>