<?xml version="1.0" encoding="utf-8"?>
<Project ToolsVersion="4.0" xmlns="http://schemas.microsoft.com/developer/msbuild/2003">
  <ItemGroup>
    <Filter Include="Resource Files">
      <UniqueIdentifier>{67DA6AB6-F800-4c08-8B7A-83BB121AAD01}</UniqueIdentifier>
      <Extensions>rc;ico;cur;bmp;dlg;rc2;rct;bin;rgs;gif;jpg;jpeg;jpe;resx;tiff;tif;png;wav;mfcribbon-ms</Extensions>
    </Filter>
    <Filter Include="User Interface">
      <UniqueIdentifier>{2c303e30-1f29-4834-a3ee-107793781acc}</UniqueIdentifier>
    </Filter>
    <Filter Include="Actions">
      <UniqueIdentifier>{9e70ac4c-da5e-47e7-a0c2-3ad76529295a}</UniqueIdentifier>
    </Filter>
    <Filter Include="Support Source Files">
      <UniqueIdentifier>{4FC737F1-C7A5-4376-A066-2A32D752A2FF}</UniqueIdentifier>
      <Extensions>cpp;c;cc;cxx;def;odl;idl;hpj;bat;asm;asmx</Extensions>
    </Filter>
    <Filter Include="Support Header Files">
      <UniqueIdentifier>{93995380-89BD-4b04-88EB-625FBE52EBFB}</UniqueIdentifier>
      <Extensions>h;hpp;hxx;hm;inl;inc;xsd</Extensions>
    </Filter>
    <Filter Include="Core">
      <UniqueIdentifier>{18df8de8-b0dc-47f6-b430-3961cbad6cbe}</UniqueIdentifier>
    </Filter>
  </ItemGroup>
  <ItemGroup>
    <None Include="graphics\vertical-logo.bmp">
      <Filter>Resource Files</Filter>
    </None>
    <None Include="Resources\CatalanitzadorPerAWindows.ico">
      <Filter>Resource Files</Filter>
    </None>
    <None Include="Resources\config_locale_winvista.bin">
      <Filter>Resource Files</Filter>
    </None>
    <None Include="Resources\config_locale_winxp.bin">
      <Filter>Resource Files</Filter>
    </None>
    <None Include="Resources\facebook_32px.bmp">
      <Filter>Resource Files</Filter>
    </None>
    <None Include="Resources\twitter_32px.bmp">
      <Filter>Resource Files</Filter>
    </None>
    <None Include="Resources\vertical-logo.bmp">
      <Filter>Resource Files</Filter>
    </None>
  </ItemGroup>
  <ItemGroup>
    <ClInclude Include="stdafx.h">
      <Filter>Support Header Files</Filter>
    </ClInclude>
    <ClInclude Include="targetver.h">
      <Filter>Support Header Files</Filter>
    </ClInclude>
    <ClInclude Include="Resource.h">
      <Filter>Support Header Files</Filter>
    </ClInclude>
    <ClInclude Include="Actions\WindowsLPIAction.h">
      <Filter>Actions</Filter>
    </ClInclude>
    <ClInclude Include="Actions\MSOfficeAction.h">
      <Filter>Actions</Filter>
    </ClInclude>
    <ClInclude Include="Actions\IELPIAction.h">
      <Filter>Actions</Filter>
    </ClInclude>
    <ClInclude Include="Actions\IEAcceptLanguagesAction.h">
      <Filter>Actions</Filter>
    </ClInclude>
    <ClInclude Include="Actions\ConfigureLocaleAction.h">
      <Filter>Actions</Filter>
    </ClInclude>
    <ClInclude Include="Actions\ActionStatus.h">
      <Filter>Actions</Filter>
    </ClInclude>
    <ClInclude Include="Actions\Actions.h">
      <Filter>Actions</Filter>
    </ClInclude>
    <ClInclude Include="Actions\ActionID.h">
      <Filter>Actions</Filter>
    </ClInclude>
    <ClInclude Include="Actions\Action.h">
      <Filter>Actions</Filter>
    </ClInclude>
    <ClInclude Include="Core\InternetAccess.h">
      <Filter>Core</Filter>
    </ClInclude>
    <ClInclude Include="Core\LogFile.h">
      <Filter>Core</Filter>
    </ClInclude>
    <ClInclude Include="Core\OSVersion.h">
      <Filter>Core</Filter>
    </ClInclude>
    <ClInclude Include="Core\ProgressStatus.h">
      <Filter>Core</Filter>
    </ClInclude>
    <ClInclude Include="Core\Registry.h">
      <Filter>Core</Filter>
    </ClInclude>
    <ClInclude Include="Core\Runner.h">
      <Filter>Core</Filter>
    </ClInclude>
    <ClInclude Include="Core\Serializable.h">
      <Filter>Core</Filter>
    </ClInclude>
    <ClInclude Include="Core\Serializer.h">
      <Filter>Core</Filter>
    </ClInclude>
    <ClInclude Include="Core\UploadStatistics.h">
      <Filter>Core</Filter>
    </ClInclude>
    <ClInclude Include="Core\Url.h">
      <Filter>Core</Filter>
    </ClInclude>
    <ClInclude Include="Core\Window.h">
      <Filter>Core</Filter>
    </ClInclude>
    <ClInclude Include="RemoteURLs.h" />
    <ClInclude Include="Version.h" />
    <ClInclude Include="CatalanitzadorPerAWindows.h" />
    <ClInclude Include="UI\AboutBoxDlgUI.h">
      <Filter>User Interface</Filter>
    </ClInclude>
    <ClInclude Include="UI\ApplicationSheetUI.h">
      <Filter>User Interface</Filter>
    </ClInclude>
    <ClInclude Include="UI\ApplicationsPropertyPageUI.h">
      <Filter>User Interface</Filter>
    </ClInclude>
    <ClInclude Include="UI\CheckedListView.h">
      <Filter>User Interface</Filter>
    </ClInclude>
    <ClInclude Include="UI\FinishPropertyPageUI.h">
      <Filter>User Interface</Filter>
    </ClInclude>
    <ClInclude Include="UI\InstallPropertyPageUI.h">
      <Filter>User Interface</Filter>
    </ClInclude>
    <ClInclude Include="UI\PropertyPageUI.h">
      <Filter>User Interface</Filter>
    </ClInclude>
    <ClInclude Include="UI\PropertySheetUI.h">
      <Filter>User Interface</Filter>
    </ClInclude>
    <ClInclude Include="UI\WelcomePropertyPageUI.h">
      <Filter>User Interface</Filter>
    </ClInclude>
  </ItemGroup>
  <ItemGroup>
    <ClCompile Include="stdafx.cpp">
      <Filter>Support Source Files</Filter>
    </ClCompile>
    <ClCompile Include="Actions\WindowsLPIAction.cpp">
      <Filter>Actions</Filter>
    </ClCompile>
    <ClCompile Include="Actions\MSOfficeAction.cpp">
      <Filter>Actions</Filter>
    </ClCompile>
    <ClCompile Include="Actions\IELPIAction.cpp">
      <Filter>Actions</Filter>
    </ClCompile>
    <ClCompile Include="Actions\IEAcceptLanguagesAction.cpp">
      <Filter>Actions</Filter>
    </ClCompile>
    <ClCompile Include="Actions\ConfigureLocaleAction.cpp">
      <Filter>Actions</Filter>
    </ClCompile>
    <ClCompile Include="Actions\Actions.cpp">
      <Filter>Actions</Filter>
    </ClCompile>
    <ClCompile Include="Actions\Action.cpp">
      <Filter>Actions</Filter>
    </ClCompile>
    <ClCompile Include="Core\InternetAccess.cpp">
      <Filter>Core</Filter>
    </ClCompile>
    <ClCompile Include="Core\LogFile.cpp">
      <Filter>Core</Filter>
    </ClCompile>
    <ClCompile Include="Core\OSVersion.cpp">
      <Filter>Core</Filter>
    </ClCompile>
    <ClCompile Include="Core\Registry.cpp">
      <Filter>Core</Filter>
    </ClCompile>
    <ClCompile Include="Core\Runner.cpp">
      <Filter>Core</Filter>
    </ClCompile>
    <ClCompile Include="Core\Serializer.cpp">
      <Filter>Core</Filter>
    </ClCompile>
    <ClCompile Include="Core\UploadStatistics.cpp">
      <Filter>Core</Filter>
    </ClCompile>
    <ClCompile Include="Core\Url.cpp">
      <Filter>Core</Filter>
    </ClCompile>
    <ClCompile Include="Core\Window.cpp">
      <Filter>Core</Filter>
    </ClCompile>
    <ClCompile Include="CatalanitzadorPerAWindows.cpp" />
    <ClCompile Include="UI\AboutBoxDlgUI.cpp">
      <Filter>User Interface</Filter>
    </ClCompile>
    <ClCompile Include="UI\ApplicationSheetUI.cpp">
      <Filter>User Interface</Filter>
    </ClCompile>
    <ClCompile Include="UI\ApplicationsPropertyPageUI.cpp">
      <Filter>User Interface</Filter>
    </ClCompile>
    <ClCompile Include="UI\CheckedListView.cpp">
      <Filter>User Interface</Filter>
    </ClCompile>
    <ClCompile Include="UI\FinishPropertyPageUI.cpp">
      <Filter>User Interface</Filter>
    </ClCompile>
    <ClCompile Include="UI\InstallPropertyPageUI.cpp">
      <Filter>User Interface</Filter>
    </ClCompile>
    <ClCompile Include="Main.cpp" />
    <ClCompile Include="UI\PropertyPageUI.cpp">
      <Filter>User Interface</Filter>
    </ClCompile>
    <ClCompile Include="UI\PropertySheetUI.cpp">
      <Filter>User Interface</Filter>
    </ClCompile>
    <ClCompile Include="UI\WelcomePropertyPageUI.cpp">
      <Filter>User Interface</Filter>
    </ClCompile>
  </ItemGroup>
  <ItemGroup>
    <ResourceCompile Include="Resources\CatalanitzadorPerAWindows.rc">
      <Filter>Resource Files</Filter>
    </ResourceCompile>
    <ResourceCompile Include="Resources\Version.rc">
      <Filter>Resource Files</Filter>
    </ResourceCompile>
  </ItemGroup>
  <ItemGroup>
    <Manifest Include="Resources\CatalanitzadorPerAWindows.exe.manifest" />
  </ItemGroup>
</Project>